
Microsoft Visual Studio Solution File, Format Version 12.00
# Visual Studio Version 17
VisualStudioVersion = 17.3.32929.385
MinimumVisualStudioVersion = 10.0.40219.1
Project("{FAE04EC0-301F-11D3-BF4B-00C04F79EFBC}") = "BCTREditor", "BCTREditor\BCTREditor.csproj", "{843B8029-01A3-49C2-BFCF-C65E51D94CD9}"
EndProject
Project("{FAE04EC0-301F-11D3-BF4B-00C04F79EFBC}") = "BCTRLibrary", "BCTRLibrary\BCTRLibrary.csproj", "{7B6F3788-7A18-4D49-B064-52C7A9C55E41}"
EndProject
Global
	GlobalSection(SolutionConfigurationPlatforms) = preSolution
		Debug|Any CPU = Debug|Any CPU
		Release|Any CPU = Release|Any CPU
	EndGlobalSection
	GlobalSection(ProjectConfigurationPlatforms) = postSolution
		{843B8029-01A3-49C2-BFCF-C65E51D94CD9}.Debug|Any CPU.ActiveCfg = Debug|Any CPU
		{843B8029-01A3-49C2-BFCF-C65E51D94CD9}.Debug|Any CPU.Build.0 = Debug|Any CPU
		{843B8029-01A3-49C2-BFCF-C65E51D94CD9}.Release|Any CPU.ActiveCfg = Release|Any CPU
		{843B8029-01A3-49C2-BFCF-C65E51D94CD9}.Release|Any CPU.Build.0 = Release|Any CPU
		{7B6F3788-7A18-4D49-B064-52C7A9C55E41}.Debug|Any CPU.ActiveCfg = Debug|Any CPU
		{7B6F3788-7A18-4D49-B064-52C7A9C55E41}.Debug|Any CPU.Build.0 = Debug|Any CPU
		{7B6F3788-7A18-4D49-B064-52C7A9C55E41}.Release|Any CPU.ActiveCfg = Release|Any CPU
		{7B6F3788-7A18-4D49-B064-52C7A9C55E41}.Release|Any CPU.Build.0 = Release|Any CPU
	EndGlobalSection
	GlobalSection(SolutionProperties) = preSolution
		HideSolutionNode = FALSE
	EndGlobalSection
	GlobalSection(ExtensibilityGlobals) = postSolution
		SolutionGuid = {983952DA-A0E9-41BE-9C15-25260F350EB8}
	EndGlobalSection
EndGlobal
